
Microsoft Visual Studio Solution File, Format Version 12.00
# Visual Studio Version 16
VisualStudioVersion = 16.0.30503.244
MinimumVisualStudioVersion = 10.0.40219.1
Project("{FAE04EC0-301F-11D3-BF4B-00C04F79EFBC}") = "NumberGuesser", "NumberGuesser\NumberGuesser.csproj", "{1AFA7781-DC95-4E86-A396-50B993DB0A14}"
EndProject
Global
	GlobalSection(SolutionConfigurationPlatforms) = preSolution
		Debug|Any CPU = Debug|Any CPU
		Release|Any CPU = Release|Any CPU
	EndGlobalSection
	GlobalSection(ProjectConfigurationPlatforms) = postSolution
		{1AFA7781-DC95-4E86-A396-50B993DB0A14}.Debug|Any CPU.ActiveCfg = Debug|Any CPU
		{1AFA7781-DC95-4E86-A396-50B993DB0A14}.Debug|Any CPU.Build.0 = Debug|Any CPU
		{1AFA7781-DC95-4E86-A396-50B993DB0A14}.Release|Any CPU.ActiveCfg = Release|Any CPU
		{1AFA7781-DC95-4E86-A396-50B993DB0A14}.Release|Any CPU.Build.0 = Release|Any CPU
	EndGlobalSection
	GlobalSection(SolutionProperties) = preSolution
		HideSolutionNode = FALSE
	EndGlobalSection
	GlobalSection(ExtensibilityGlobals) = postSolution
		SolutionGuid = {715D33EC-3BE0-4A55-AA78-8F31D31E2411}
	EndGlobalSection
EndGlobal
